github.com/beorn7/perks v1.0.1 h1:VlbKKnNfV8bJzeqoa4cOKqO6bYr3WgKZxO8Z16+hsOM=
github.com/beorn7/perks v1.0.1/go.mod h1:G2ZrVWU2WbWT9wwq4/hrbKbnv/1ERSJQ0ibhJ6rlkpw=
github.com/bufbuild/protocompile v0.14.1 h1:iA73zAf/fyljNjQKwYzUHD6AD4R8KMasmwa/FBatYVw=
github.com/bufbuild/protocompile v0.14.1/go.mod h1:ppVdAIhbr2H8asPk6k4pY7t9zB1OU5DoEw9xY/FUi1c=
github.com/cespare/xxhash/v2 v2.3.0 h1:UL815xU9SqsFlibzuggzjXhog7bL6oX9BbNZnL2UFvs=
github.com/cespare/xxhash/v2 v2.3.0/go.mod h1:VGX0DQ3Q6kWi7AoAeZDth3/j3BFtOZR5XLFGgcrjCOs=
github.com/davecgh/go-spew v1.1.1 h1:vj9j/u1bqnvCEfJOwUhtlOARqs3+rkHYY13jYWTU97c=
github.com/davecgh/go-spew v1.1.1/go.mod h1:J7Y8YcW2NihsgmVo/mv3lAwl/skON4iLHjSsI+c5H38=
github.com/dustin/go-humanize v1.0.1 h1:GzkhY7T5VNhEkwH0PVJgjz+fX1rhBrR7pRT3mDkpeCY=
github.com/dustin/go-humanize v1.0.1/go.mod h1:Mu1zIs6XwVuF/gI1OepvI0qD18qycQx+mFykh5fBlto=
github.com/go-logr/logr v1.4.2 h1:6pFjapn8bFcIbiKo3XT4j/BhANplGihG6tvd+8rYgrY=
github.com/go-logr/logr v1.4.2/go.mod h1:9T104GzyrTigFIr8wt5mBrctHMim0Nb2HLGrmQ40KvY=
github.com/go-logr/stdr v1.2.2 h1:hSWxHoqTgW2S2qGc0LTAI563KZ5YKYRhT3MFKZMbjag=
github.com/go-logr/stdr v1.2.2/go.mod h1:mMo/vtBO5dYbehREoey6XUKy/eSumjCCveDpRre4VKE=
github.com/golang/protobuf v1.5.4 h1:i7eJL8qZTpSEXOPTxNKhASYpMn+8e5Q6AdndVa1dWek=
github.com/golang/protobuf v1.5.4/go.mod h1:lnTiLA8Wa4RWRcIUkrtSVa5nRhsEGBg48fD6rSs7xps=
github.com/google/go-cmp v0.6.0 h1:ofyhxvXcZhMsU5ulbFiLKl/XBFqE1GSq7atu8tAmTRI=
github.com/google/go-cmp v0.6.0/go.mod h1:17dUlkBOakJ0+DkrSSNjCkIjxS6bF9zb3elmeNGIjoY=
github.com/google/uuid v1.6.0 h1:NIvaJDMOsjHA8n1jAhLSgzrAzy1Hgr+hNrb57e+94F0=
github.com/google/uuid v1.6.0/go.mod h1:TIyPZe4MgqvfeYDBFedMoGGpEw/LqOeaOT+nhxU+yHo=
github.com/grafana/pyroscope-go v1.2.0 h1:aILLKjTj8CS8f/24OPMGPewQSYlhmdQMBmol1d3KGj8=
github.com/grafana/pyroscope-go v1.2.0/go.mod h1:2GHr28Nr05bg2pElS+dDsc98f3JTUh2f6Fz1hWXrqwk=
github.com/grafana/pyroscope-go/godeltaprof v0.1.8 h1:iwOtYXeeVSAeYefJNaxDytgjKtUuKQbJqgAIjlnicKg=
github.com/grafana/pyroscope-go/godeltaprof v0.1.8/go.mod h1:2+l7K7twW49Ct4wFluZD3tZ6e0SjanjcUUBPVD/UuGU=
github.com/jhump/protoreflect v1.17.0 h1:qOEr613fac2lOuTgWN4tPAtLL7fUSbuJL5X5XumQh94=
github.com/jhump/protoreflect v1.17.0/go.mod h1:h9+vUUL38jiBzck8ck+6G/aeMX8Z4QUY/NiJPwPNi+8=
github.com/klauspost/compress v1.17.11 h1:In6xLpyWOi1+C7tXUUWv2ot1QvBjxevKAaI6IXrJmUc=
github.com/klauspost/compress v1.17.11/go.mod h1:pMDklpSncoRMuLFrf1W9Ss9KT+0rH90U12bZKk7uwG0=
github.com/kr/pretty v0.3.1 h1:flRD4NNwYAUpkphVc1HcthR4KEIFJ65n8Mw5qdRn3LE=
github.com/kr/pretty v0.3.1/go.mod h1:hoEshYVHaxMs3cyo3Yncou5ZscifuDolrwPKZanG3xk=
github.com/kr/text v0.2.0 h1:5Nx0Ya0ZqY2ygV366QzturHI13Jq95ApcVaJBhpS+AY=
github.com/kr/text v0.2.0/go.mod h1:eLer722TekiGuMkidMxC/pM04lWEeraHUUmBw8l2grE=
github.com/kylelemons/godebug v1.1.0 h1:RPNrshWIDI6G2gRW9EHilWtl7Z6Sb1BR0xunSBf0SNc=
github.com/kylelemons/godebug v1.1.0/go.mod h1:9/0rRGxNHcop5bhtWyNeEfOS8JIWk580+fNqagV/RAw=
github.com/munnerz/goautoneg v0.0.0-20191010083416-a7dc8b61c822 h1:C3w9PqII01/Oq1c1nUAm88MOHcQC9l5mIlSMApZMrHA=
github.com/munnerz/goautoneg v0.0.0-20191010083416-a7dc8b61c822/go.mod h1:+n7T8mK8HuQTcFwEeznm/DIxMOiR9yIdICNftLE1DvQ=
github.com/pmezard/go-difflib v1.0.0 h1:4DBwDE0NGyQoBHbLQYPwSUPoCMWR5BEzIk/f1lZbAQM=
github.com/pmezard/go-difflib v1.0.0/go.mod h1:iKH77koFhYxTK1pcRnkKkqfTogsbg7gZNVY4sRDYZ/4=
github.com/prometheus/client_golang v1.20.5 h1:cxppBPuYhUnsO6yo/aoRol4L7q7UFfdm+bR9r+8l63Y=
github.com/prometheus/client_golang v1.20.5/go.mod h1:PIEt8X02hGcP8JWbeHyeZ53Y/jReSnHgO035n//V5WE=
github.com/prometheus/client_model v0.6.1 h1:ZKSh/rekM+n3CeS952MLRAdFwIKqeY8b62p8ais2e9E=
github.com/prometheus/client_model v0.6.1/go.mod h1:OrxVMOVHjw3lKMa8+x6HeMGkHMQyHDk9E3jmP2AmGiY=
github.com/prometheus/common v0.62.0 h1:xasJaQlnWAeyHdUBeGjXmutelfJHWMRr+Fg4QszZ2Io=
github.com/prometheus/common v0.62.0/go.mod h1:vyBcEuLSvWos9B1+CyL7JZ2up+uFzXhkqml0W5zIY1I=
github.com/prometheus/procfs v0.15.1 h1:YagwOFzUgYfKKHX6Dr+sHT7km/hxC76UB0learggepc=
github.com/prometheus/procfs v0.15.1/go.mod h1:fB45yRUv8NstnjriLhBQLuOUt+WW4BsoGhij/e3PBqk=
github.com/rogpeppe/go-internal v1.10.0 h1:TMyTOH3F/DB16zRVcYyreMH6GnZZrwQVAoYjRBZyWFQ=
github.com/rogpeppe/go-internal v1.10.0/go.mod h1:UQnix2H7Ngw/k4C5ijL5+65zddjncjaFoBhdsK/akog=
github.com/stretchr/objx v0.5.2 h1:xuMeJ0Sdp5ZMRXx/aWO6RZxdr3beISkG5/G/aIRr3pY=
github.com/stretchr/objx v0.5.2/go.mod h1:FRsXN1f5AsAjCGJKqEizvkpNtU+EGNCLh3NxZ/8L+MA=
github.com/stretchr/testify v1.10.0 h1:Xv5erBjTwe/5IxqUQTdXv5kgmIvbHo3QQyRwhJsOfJA=
github.com/stretchr/testify v1.10.0/go.mod h1:r2ic/lqez/lEtzL7wO/rwa5dbSLXVDPFyf8C91i36aY=
go.opentelemetry.io/otel v1.32.0 h1:WnBN+Xjcteh0zdk01SVqV55d/m62NJLJdIyb4y/WO5U=
go.opentelemetry.io/otel v1.32.0/go.mod h1:00DCVSB0RQcnzlwyTfqtxSm+DRr9hpYrHjNGiBHVQIg=
go.opentelemetry.io/otel/metric v1.32.0 h1:xV2umtmNcThh2/a/aCP+h64Xx5wsj8qqnkYZktzNa0M=
go.opentelemetry.io/otel/metric v1.32.0/go.mod h1:jH7CIbbK6SH2V2wE16W05BHCtIDzauciCRLoc/SyMv8=
go.opentelemetry.io/otel/sdk v1.32.0 h1:RNxepc9vK59A8XsgZQouW8ue8Gkb4jpWtJm9ge5lEG4=
go.opentelemetry.io/otel/sdk v1.32.0/go.mod h1:LqgegDBjKMmb2GC6/PrTnteJG39I8/vJCAP9LlJXEjU=
go.opentelemetry.io/otel/sdk/metric v1.32.0 h1:rZvFnvmvawYb0alrYkjraqJq0Z4ZUJAiyYCU9snn1CU=
go.opentelemetry.io/otel/sdk/metric v1.32.0/go.mod h1:PWeZlq0zt9YkYAp3gjKZ0eicRYvOh1Gd+X99x6GHpCQ=
go.opentelemetry.io/otel/trace v1.32.0 h1:WIC9mYrXf8TmY/EXuULKc8hR17vE+Hjv2cssQDe03fM=
go.opentelemetry.io/otel/trace v1.32.0/go.mod h1:+i4rkvCraA+tG6AzwloGaCtkx53Fa+L+V8e9a7YvhT8=
golang.conradwood.net/apis/auth v1.1.3676 h1:rsWXr8p3mpvgQtnOUr04I2jBUptKJQ5QRQcA0LWNuBE=
golang.conradwood.net/apis/auth v1.1.3676/go.mod h1:hVY62Muc3b4H6wqguK8FXicH2S2gEBzZke0ZZPYIRaI=
golang.conradwood.net/apis/autodeployer v1.1.3676 h1:/FBFGqvcOWpDi+HPjcPFJwjFGy6CJkfqGuS+BhDXZ7M=
golang.conradwood.net/apis/autodeployer v1.1.3676/go.mod h1:H9aA2yvpMDdvPazL4vNsfZQNI50Udvswjx/uWY+xnnc=
golang.conradwood.net/apis/banking v1.1.3676 h1:9PHpW71vrqFs2GwvHlVytjim98t25ihT2+ZN36/u9VQ=
golang.conradwood.net/apis/banking v1.1.3676/go.mod h1:D261usJStpnTkiBT79jt881PvwXz1POCt9VncVIzpt0=
golang.conradwood.net/apis/certmanager v1.1.3676 h1:kcZnq0bKErFINmUnJMo0C2RgxGMHcglhNZOgiQDkqwg=
golang.conradwood.net/apis/certmanager v1.1.3676/go.mod h1:d2/kyL45cRle8AcnO+I8wDoB7zeESwVs0TLnKlq990M=
golang.conradwood.net/apis/common v1.1.3676 h1:lEHSoPpG2kOWROvVyPizqTg51kCxEHwUPXwl/XN25fQ=
golang.conradwood.net/apis/common v1.1.3676/go.mod h1:VX4v8PE0Oc0InE3jA1m5gX+0W1PsFiLQmrPehztJwkc=
golang.conradwood.net/apis/deploymonkey v1.1.3676 h1:pQHrv0fD4/9FgJu1of2eA1Rcm9tp48wnGVoXzfm+w4A=
golang.conradwood.net/apis/deploymonkey v1.1.3676/go.mod h1:9IIzRbEzEtDqqt2SoazP6L1kU1wAAxX0lQGh/Whnngw=
golang.conradwood.net/apis/errorlogger v1.1.3676 h1:+iHIEEx3yuG0GNJTvwVjc72TAMtO6S0WPfZwCju1VsM=
golang.conradwood.net/apis/errorlogger v1.1.3676/go.mod h1:bYKxGY+MnPPT1VUE/oxe0166SqTL8YAxxCzMp/W0GFs=
golang.conradwood.net/apis/framework v1.1.3676 h1:lQ0TS6bHC0Xvme0dH1O1XSqjoZO12ZTWwHqKaseVXi0=
golang.conradwood.net/apis/framework v1.1.3676/go.mod h1:8Qy+hI9GoXhGMWYWnlm42jmK6hEYGqlYjQR4JShH7bs=
golang.conradwood.net/apis/getestservice v1.1.3676 h1:Nn3OneI3PoAyqrTA6lp9e65fkp3KcznidiFMBIGEPuc=
golang.conradwood.net/apis/getestservice v1.1.3676/go.mod h1:+0y4fDG00sJBLYle50huBdqbTifMCnHosTyBgIjS3xo=
golang.conradwood.net/apis/goeasyops v1.1.3676 h1:GcFPq7m4kYvYoyCcbJ0x8pY1yU9WkSILCWmGqj5Mdjs=
golang.conradwood.net/apis/goeasyops v1.1.3676/go.mod h1:MDbK5kfXv3Apps5pYbzq7Q3tVutQx4GAsVx+p7ZMaYA=
golang.conradwood.net/apis/grafanadata v1.1.3676 h1:f+hW383QlzQNgFr3Q91bqsVSSXY20cAupaSR04/iVdw=
golang.conradwood.net/apis/grafanadata v1.1.3676/go.mod h1:hOSvwngQFnUtVMm9u9jbpZUUQl9caBRl2uu64V34IRw=
golang.conradwood.net/apis/h2gproxy v1.1.3676 h1:Zfnu1S2RFkapZr/ON1tYXKWkPuNpw3YE98NjMoqS38M=
golang.conradwood.net/apis/h2gproxy v1.1.3676/go.mod h1:ESqvoXfVW7X7K4PyHnqx6n8jl8R9joaT+1oVJc3hW0Q=
golang.conradwood.net/apis/htmlserver v1.1.3676 h1:wBy/5517I19dOnW+zpXVLs2VZMjKj7d7wLNH868lLZg=
golang.conradwood.net/apis/htmlserver v1.1.3676/go.mod h1:HMRvNKqImvnq0Pq72kAkFislm9YOVUamdiocqktQ5vA=
golang.conradwood.net/apis/objectstore v1.1.3676 h1:4fFXGBk1rCpIiVk4yYTpVBb1TPA3EgKyczzYzYaHRsw=
golang.conradwood.net/apis/objectstore v1.1.3676/go.mod h1:6dv9p3J+eT/NjFMWjMjT7W2evXwTXwI1DvjcubeGcao=
golang.conradwood.net/apis/quota v1.1.3676 h1:R7V4nYEINP430J4Yh/6ea/NLlvowvqngNwpPDcCJ+8w=
golang.conradwood.net/apis/quota v1.1.3676/go.mod h1:B+meMALjZzW+1Shd6V9n7Pb6e7WYOdGaGehih9Oc4G8=
golang.conradwood.net/apis/registry v1.1.3676 h1:AsGtPAF4KcCCAYJqFJQtoOH6I1mRlpQmjlAaYyMuh8s=
golang.conradwood.net/apis/registry v1.1.3676/go.mod h1:mkkE6Kf75nE2ON1EkDyyC6SqFChTUSm6ggk7GPcG2CE=
golang.conradwood.net/go-easyops v0.1.34215 h1:9ZoUXYrKJPFL5/JUlvRWY0WC3XTdqjJ1ywAELhSooiM=
golang.conradwood.net/go-easyops v0.1.34215/go.mod h1:fx+PkAcbCXEh1+7UNxgJMwxeiyNTPo+p6qgXo0gKmXg=
golang.org/x/net v0.34.0 h1:Mb7Mrk043xzHgnRM88suvJFwzVrRfHEHJEl5/71CKw0=
golang.org/x/net v0.34.0/go.mod h1:di0qlW3YNM5oh6GqDGQr92MyTozJPmybPK4Ev/Gm31k=
golang.org/x/sync v0.11.0 h1:GGz8+XQP4FvTTrjZPzNKTMFtSXH80RAzG+5ghFPgK9w=
golang.org/x/sync v0.11.0/go.mod h1:Czt+wKu1gCyEFDUtn0jG5QVvpJ6rzVqr5aXyt9drQfk=
golang.org/x/sys v0.30.0 h1:QjkSwP/36a20jFYWkSue1YwXzLmsV5Gfq7Eiy72C1uc=
golang.org/x/sys v0.30.0/go.mod h1:/VUhepiaJMQUp4+oa/7Zr1D23ma6VTLIYjOOTFZPUcA=
golang.org/x/text v0.22.0 h1:bofq7m3/HAFvbF51jz3Q9wLg3jkvSPuiZu/pD1XwgtM=
golang.org/x/text v0.22.0/go.mod h1:YRoo4H8PVmsu+E3Ou7cqLVH8oXWIHVoX0jqUWALQhfY=
golang.yacloud.eu/apis/autodeployer2 v1.1.3676 h1:TbD7RBywaRdMgfSINCU7EH71hNYsEsO1iGuzVv2MRow=
golang.yacloud.eu/apis/autodeployer2 v1.1.3676/go.mod h1:dEvn3AmoSPRtJQpdfFYueKxtglIr3Y4iD8TzHy2MFrU=
golang.yacloud.eu/apis/faultindicator v1.1.3676 h1:rhs5HgM4+WdIudLnSolnaiBeJx5MOlJ4j1M3LRPlGQA=
golang.yacloud.eu/apis/faultindicator v1.1.3676/go.mod h1:kbMt2RMn5kvW7/YzJ5MK8s660+XHiaGt5dwAUn+pzuw=
golang.yacloud.eu/apis/fscache v1.1.3676 h1:fAFfcoE0II4WmYtNztjg89asKRYlePU8PwsbV7PUnsg=
golang.yacloud.eu/apis/fscache v1.1.3676/go.mod h1:xXG/BzLXmJ1S1YmAsfvrzh+YrnHq0c2J+SA0lX9mSBI=
golang.yacloud.eu/apis/jsonapidoc v1.1.3676 h1:WawPh3ElgFTvT7sAcnFE8B+kfy4wOpnEl9RLsV0U4nQ=
golang.yacloud.eu/apis/jsonapidoc v1.1.3676/go.mod h1:sNt7HQaby6Qe4gvJ8ihp6k0eFL0jgnzNHzTDx6ELoGI=
golang.yacloud.eu/apis/session v1.1.3676 h1:3vjdk1U2yQAoCVmwwh0O9Jky7r4beftUSoAtBAmw+PU=
golang.yacloud.eu/apis/session v1.1.3676/go.mod h1:9yiuG1Rn9MgGRXFjxtCESg5sIOXJW+IqyAxNhQtEfaI=
golang.yacloud.eu/apis/unixipc v1.1.3676 h1:aFkrVTxGXg93gz1qonNr04wBuhZRig3k9YczKAIEkms=
golang.yacloud.eu/apis/unixipc v1.1.3676/go.mod h1:mTEhpfUQyXyb5jXzDizcyRDCtTjkiaXnlhr8Dsj1uGM=
golang.yacloud.eu/apis/urlcacher v1.1.3676 h1:lxelVA80sWoR3eBcwJogLbJspjGck2YGjKDrKgFdDgk=
golang.yacloud.eu/apis/urlcacher v1.1.3676/go.mod h1:s34A1R9MiCybbSif006qrroW5g+GNiiIPkuk+Fl5yWA=
golang.yacloud.eu/apis/urlmapper v1.1.3676 h1:meRBOxIT+HqgGjRQKKsBGvXufl4pJ3pLn74ltcXyggM=
golang.yacloud.eu/apis/urlmapper v1.1.3676/go.mod h1:3AEg76wvGiS6e4di4N8JYpc6FRTdv8JMgkVNPeAp7UE=
golang.yacloud.eu/unixipc v0.1.31725 h1:u+tUnlgwLVzQ1bFBVM+rqARHAgwH41PrRGIVwKVrMsg=
golang.yacloud.eu/unixipc v0.1.31725/go.mod h1:BboKEBCyQzeXbtXowwSLV9U+wI32wq49ZVs72+uO/ZI=
google.golang.org/genproto/googleapis/rpc v0.0.0-20241202173237-19429a94021a h1:hgh8P4EuoxpsuKMXX/To36nOFD7vixReXgn8lPGnt+o=
google.golang.org/genproto/googleapis/rpc v0.0.0-20241202173237-19429a94021a/go.mod h1:5uTbfoYQed2U9p3KIj2/Zzm02PYhndfdmML0qC3q3FU=
google.golang.org/grpc v1.70.0 h1:pWFv03aZoHzlRKHWicjsZytKAiYCtNS0dHbXnIdq7jQ=
google.golang.org/grpc v1.70.0/go.mod h1:ofIJqVKDXx/JiXrwr2IG4/zwdH9txy3IlF40RmcJSQw=
google.golang.org/protobuf v1.36.4 h1:6A3ZDJHn/eNqc1i+IdefRzy/9PokBTPvcqMySR7NNIM=
google.golang.org/protobuf v1.36.4/go.mod h1:9fA7Ob0pmnwhb644+1+CVWFRbNajQ6iRojtC/QF5bRE=
gopkg.in/check.v1 v0.0.0-20161208181325-20d25e280405/go.mod h1:Co6ibVJAznAaIkqp8huTwlJQCZ016jof/cbN4VW5Yz0=
gopkg.in/check.v1 v1.0.0-20201130134442-10cb98267c6c h1:Hei/4ADfdWqJk1ZMxUNpqntNwaWcugrBjAiHlqqRiVk=
gopkg.in/check.v1 v1.0.0-20201130134442-10cb98267c6c/go.mod h1:JHkPIbrfpd72SG/EVd6muEfDQjcINNoR0C8j2r3qZ4Q=
gopkg.in/yaml.v2 v2.4.0 h1:D8xgwECY7CYvx+Y2n4sBz93Jn9JRvxdiyyo8CTfuKaY=
gopkg.in/yaml.v2 v2.4.0/go.mod h1:RDklbk79AGWmwhnvt/jBztapEOGDOx6ZbXqjP6csGnQ=
gopkg.in/yaml.v3 v3.0.1 h1:fxVm/GzAzEWqLHuvctI91KS9hhNmmWOoWu0XTYJS7CA=
gopkg.in/yaml.v3 v3.0.1/go.mod h1:K4uyk7z7BCEPqu6E+C64Yfv1cQ7kz7rIZviUmN+EgEM=
