github.com/beorn7/perks v1.0.1 h1:VlbKKnNfV8bJzeqoa4cOKqO6bYr3WgKZxO8Z16+hsOM=
github.com/beorn7/perks v1.0.1/go.mod h1:G2ZrVWU2WbWT9wwq4/hrbKbnv/1ERSJQ0ibhJ6rlkpw=
github.com/bufbuild/protocompile v0.14.1 h1:iA73zAf/fyljNjQKwYzUHD6AD4R8KMasmwa/FBatYVw=
github.com/bufbuild/protocompile v0.14.1/go.mod h1:ppVdAIhbr2H8asPk6k4pY7t9zB1OU5DoEw9xY/FUi1c=
github.com/cespare/xxhash/v2 v2.3.0 h1:UL815xU9SqsFlibzuggzjXhog7bL6oX9BbNZnL2UFvs=
github.com/cespare/xxhash/v2 v2.3.0/go.mod h1:VGX0DQ3Q6kWi7AoAeZDth3/j3BFtOZR5XLFGgcrjCOs=
github.com/davecgh/go-spew v1.1.1 h1:vj9j/u1bqnvCEfJOwUhtlOARqs3+rkHYY13jYWTU97c=
github.com/davecgh/go-spew v1.1.1/go.mod h1:J7Y8YcW2NihsgmVo/mv3lAwl/skON4iLHjSsI+c5H38=
github.com/dustin/go-humanize v1.0.1 h1:GzkhY7T5VNhEkwH0PVJgjz+fX1rhBrR7pRT3mDkpeCY=
github.com/dustin/go-humanize v1.0.1/go.mod h1:Mu1zIs6XwVuF/gI1OepvI0qD18qycQx+mFykh5fBlto=
github.com/go-logr/logr v1.4.2 h1:6pFjapn8bFcIbiKo3XT4j/BhANplGihG6tvd+8rYgrY=
github.com/go-logr/logr v1.4.2/go.mod h1:9T104GzyrTigFIr8wt5mBrctHMim0Nb2HLGrmQ40KvY=
github.com/go-logr/stdr v1.2.2 h1:hSWxHoqTgW2S2qGc0LTAI563KZ5YKYRhT3MFKZMbjag=
github.com/go-logr/stdr v1.2.2/go.mod h1:mMo/vtBO5dYbehREoey6XUKy/eSumjCCveDpRre4VKE=
github.com/golang/protobuf v1.5.4 h1:i7eJL8qZTpSEXOPTxNKhASYpMn+8e5Q6AdndVa1dWek=
github.com/golang/protobuf v1.5.4/go.mod h1:lnTiLA8Wa4RWRcIUkrtSVa5nRhsEGBg48fD6rSs7xps=
github.com/google/go-cmp v0.6.0 h1:ofyhxvXcZhMsU5ulbFiLKl/XBFqE1GSq7atu8tAmTRI=
github.com/google/go-cmp v0.6.0/go.mod h1:17dUlkBOakJ0+DkrSSNjCkIjxS6bF9zb3elmeNGIjoY=
github.com/google/uuid v1.6.0 h1:NIvaJDMOsjHA8n1jAhLSgzrAzy1Hgr+hNrb57e+94F0=
github.com/google/uuid v1.6.0/go.mod h1:TIyPZe4MgqvfeYDBFedMoGGpEw/LqOeaOT+nhxU+yHo=
github.com/grafana/pyroscope-go v1.2.0 h1:aILLKjTj8CS8f/24OPMGPewQSYlhmdQMBmol1d3KGj8=
github.com/grafana/pyroscope-go v1.2.0/go.mod h1:2GHr28Nr05bg2pElS+dDsc98f3JTUh2f6Fz1hWXrqwk=
github.com/grafana/pyroscope-go v1.2.1 h1:ewi38pE6XMnoHlZYhGxS3uH5TGKA7vDhkT1T3RVkjq0=
github.com/grafana/pyroscope-go v1.2.1/go.mod h1:zzT9QXQAp2Iz2ZdS216UiV8y9uXJYQiGE1q8v1FyhqU=
github.com/grafana/pyroscope-go/godeltaprof v0.1.8 h1:iwOtYXeeVSAeYefJNaxDytgjKtUuKQbJqgAIjlnicKg=
github.com/grafana/pyroscope-go/godeltaprof v0.1.8/go.mod h1:2+l7K7twW49Ct4wFluZD3tZ6e0SjanjcUUBPVD/UuGU=
github.com/jhump/protoreflect v1.17.0 h1:qOEr613fac2lOuTgWN4tPAtLL7fUSbuJL5X5XumQh94=
github.com/jhump/protoreflect v1.17.0/go.mod h1:h9+vUUL38jiBzck8ck+6G/aeMX8Z4QUY/NiJPwPNi+8=
github.com/klauspost/compress v1.17.11 h1:In6xLpyWOi1+C7tXUUWv2ot1QvBjxevKAaI6IXrJmUc=
github.com/klauspost/compress v1.17.11/go.mod h1:pMDklpSncoRMuLFrf1W9Ss9KT+0rH90U12bZKk7uwG0=
github.com/klauspost/compress v1.18.0 h1:c/Cqfb0r+Yi+JtIEq73FWXVkRonBlf0CRNYc8Zttxdo=
github.com/klauspost/compress v1.18.0/go.mod h1:2Pp+KzxcywXVXMr50+X0Q/Lsb43OQHYWRCY2AiWywWQ=
github.com/kr/pretty v0.3.1 h1:flRD4NNwYAUpkphVc1HcthR4KEIFJ65n8Mw5qdRn3LE=
github.com/kr/pretty v0.3.1/go.mod h1:hoEshYVHaxMs3cyo3Yncou5ZscifuDolrwPKZanG3xk=
github.com/kr/text v0.2.0 h1:5Nx0Ya0ZqY2ygV366QzturHI13Jq95ApcVaJBhpS+AY=
github.com/kr/text v0.2.0/go.mod h1:eLer722TekiGuMkidMxC/pM04lWEeraHUUmBw8l2grE=
github.com/kylelemons/godebug v1.1.0 h1:RPNrshWIDI6G2gRW9EHilWtl7Z6Sb1BR0xunSBf0SNc=
github.com/kylelemons/godebug v1.1.0/go.mod h1:9/0rRGxNHcop5bhtWyNeEfOS8JIWk580+fNqagV/RAw=
github.com/munnerz/goautoneg v0.0.0-20191010083416-a7dc8b61c822 h1:C3w9PqII01/Oq1c1nUAm88MOHcQC9l5mIlSMApZMrHA=
github.com/munnerz/goautoneg v0.0.0-20191010083416-a7dc8b61c822/go.mod h1:+n7T8mK8HuQTcFwEeznm/DIxMOiR9yIdICNftLE1DvQ=
github.com/pmezard/go-difflib v1.0.0 h1:4DBwDE0NGyQoBHbLQYPwSUPoCMWR5BEzIk/f1lZbAQM=
github.com/pmezard/go-difflib v1.0.0/go.mod h1:iKH77koFhYxTK1pcRnkKkqfTogsbg7gZNVY4sRDYZ/4=
github.com/prometheus/client_golang v1.20.5 h1:cxppBPuYhUnsO6yo/aoRol4L7q7UFfdm+bR9r+8l63Y=
github.com/prometheus/client_golang v1.20.5/go.mod h1:PIEt8X02hGcP8JWbeHyeZ53Y/jReSnHgO035n//V5WE=
github.com/prometheus/client_golang v1.21.1 h1:DOvXXTqVzvkIewV/CDPFdejpMCGeMcbGCQ8YOmu+Ibk=
github.com/prometheus/client_golang v1.21.1/go.mod h1:U9NM32ykUErtVBxdvD3zfi+EuFkkaBvMb09mIfe0Zgg=
github.com/prometheus/client_model v0.6.1 h1:ZKSh/rekM+n3CeS952MLRAdFwIKqeY8b62p8ais2e9E=
github.com/prometheus/client_model v0.6.1/go.mod h1:OrxVMOVHjw3lKMa8+x6HeMGkHMQyHDk9E3jmP2AmGiY=
github.com/prometheus/common v0.62.0 h1:xasJaQlnWAeyHdUBeGjXmutelfJHWMRr+Fg4QszZ2Io=
github.com/prometheus/common v0.62.0/go.mod h1:vyBcEuLSvWos9B1+CyL7JZ2up+uFzXhkqml0W5zIY1I=
github.com/prometheus/common v0.63.0 h1:YR/EIY1o3mEFP/kZCD7iDMnLPlGyuU2Gb3HIcXnA98k=
github.com/prometheus/common v0.63.0/go.mod h1:VVFF/fBIoToEnWRVkYoXEkq3R3paCoxG9PXP74SnV18=
github.com/prometheus/procfs v0.15.1 h1:YagwOFzUgYfKKHX6Dr+sHT7km/hxC76UB0learggepc=
github.com/prometheus/procfs v0.15.1/go.mod h1:fB45yRUv8NstnjriLhBQLuOUt+WW4BsoGhij/e3PBqk=
github.com/prometheus/procfs v0.16.0 h1:xh6oHhKwnOJKMYiYBDWmkHqQPyiY40sny36Cmx2bbsM=
github.com/prometheus/procfs v0.16.0/go.mod h1:8veyXUu3nGP7oaCxhX6yeaM5u4stL2FeMXnCqhDthZg=
github.com/rogpeppe/go-internal v1.10.0 h1:TMyTOH3F/DB16zRVcYyreMH6GnZZrwQVAoYjRBZyWFQ=
github.com/rogpeppe/go-internal v1.10.0/go.mod h1:UQnix2H7Ngw/k4C5ijL5+65zddjncjaFoBhdsK/akog=
github.com/stretchr/objx v0.5.2 h1:xuMeJ0Sdp5ZMRXx/aWO6RZxdr3beISkG5/G/aIRr3pY=
github.com/stretchr/objx v0.5.2/go.mod h1:FRsXN1f5AsAjCGJKqEizvkpNtU+EGNCLh3NxZ/8L+MA=
github.com/stretchr/testify v1.10.0 h1:Xv5erBjTwe/5IxqUQTdXv5kgmIvbHo3QQyRwhJsOfJA=
github.com/stretchr/testify v1.10.0/go.mod h1:r2ic/lqez/lEtzL7wO/rwa5dbSLXVDPFyf8C91i36aY=
go.opentelemetry.io/auto/sdk v1.1.0 h1:cH53jehLUN6UFLY71z+NDOiNJqDdPRaXzTel0sJySYA=
go.opentelemetry.io/auto/sdk v1.1.0/go.mod h1:3wSPjt5PWp2RhlCcmmOial7AvC4DQqZb7a7wCow3W8A=
go.opentelemetry.io/otel v1.34.0 h1:zRLXxLCgL1WyKsPVrgbSdMN4c0FMkDAskSTQP+0hdUY=
go.opentelemetry.io/otel v1.34.0/go.mod h1:OWFPOQ+h4G8xpyjgqo4SxJYdDQ/qmRH+wivy7zzx9oI=
go.opentelemetry.io/otel/metric v1.34.0 h1:+eTR3U0MyfWjRDhmFMxe2SsW64QrZ84AOhvqS7Y+PoQ=
go.opentelemetry.io/otel/metric v1.34.0/go.mod h1:CEDrp0fy2D0MvkXE+dPV7cMi8tWZwX3dmaIhwPOaqHE=
go.opentelemetry.io/otel/sdk v1.34.0 h1:95zS4k/2GOy069d321O8jWgYsW3MzVV+KuSPKp7Wr1A=
go.opentelemetry.io/otel/sdk v1.34.0/go.mod h1:0e/pNiaMAqaykJGKbi+tSjWfNNHMTxoC9qANsCzbyxU=
go.opentelemetry.io/otel/sdk/metric v1.34.0 h1:5CeK9ujjbFVL5c1PhLuStg1wxA7vQv7ce1EK0Gyvahk=
go.opentelemetry.io/otel/sdk/metric v1.34.0/go.mod h1:jQ/r8Ze28zRKoNRdkjCZxfs6YvBTG1+YIqyFVFYec5w=
go.opentelemetry.io/otel/trace v1.34.0 h1:+ouXS2V8Rd4hp4580a8q23bg0azF2nI8cqLYnC8mh/k=
go.opentelemetry.io/otel/trace v1.34.0/go.mod h1:Svm7lSjQD7kG7KJ/MUHPVXSDGz2OX4h0M2jHBhmSfRE=
golang.conradwood.net/apis/auth v1.1.3773 h1:c+Mdms26Vvr8EfwABfR1vxHOPbdbY+znTy0LeRTbBZI=
golang.conradwood.net/apis/auth v1.1.3773/go.mod h1:KP9wLIgMgjBhUJP2Z4c0X1S52D3PKiTLZNVOGxQgJB8=
golang.conradwood.net/apis/auth v1.1.3833 h1:v79scSgXAwJJmMlWfYzY4pl3fDz0xeCt6FfB+jIP9es=
golang.conradwood.net/apis/auth v1.1.3833/go.mod h1:OdsJJVQBafJgS0XxPVkvUWKOSr97OGfn4+bc0kmlp1k=
golang.conradwood.net/apis/autodeployer v1.1.3676 h1:/FBFGqvcOWpDi+HPjcPFJwjFGy6CJkfqGuS+BhDXZ7M=
golang.conradwood.net/apis/autodeployer v1.1.3676/go.mod h1:H9aA2yvpMDdvPazL4vNsfZQNI50Udvswjx/uWY+xnnc=
golang.conradwood.net/apis/autodeployer v1.1.3833 h1:ah5mUW73IZlVwqc3fydDqN7CJ3xabdHvsdHfmirw63A=
golang.conradwood.net/apis/autodeployer v1.1.3833/go.mod h1:bixx+Mg2YAc4U3nUAm7H7MhXhIAEdBrZ6ItaDK8bQwk=
golang.conradwood.net/apis/banking v1.1.3676 h1:9PHpW71vrqFs2GwvHlVytjim98t25ihT2+ZN36/u9VQ=
golang.conradwood.net/apis/banking v1.1.3676/go.mod h1:D261usJStpnTkiBT79jt881PvwXz1POCt9VncVIzpt0=
golang.conradwood.net/apis/banking v1.1.3833 h1:6cIdu5iyOjEB8mOfFASlF4qfL1rVMa3tWoGHSTmv6VM=
golang.conradwood.net/apis/banking v1.1.3833/go.mod h1:vKQhswygoUilUgydPUPWVUeSsssDF1gXywD5SfCRrmQ=
golang.conradwood.net/apis/certmanager v1.1.3676 h1:kcZnq0bKErFINmUnJMo0C2RgxGMHcglhNZOgiQDkqwg=
golang.conradwood.net/apis/certmanager v1.1.3676/go.mod h1:d2/kyL45cRle8AcnO+I8wDoB7zeESwVs0TLnKlq990M=
golang.conradwood.net/apis/certmanager v1.1.3833 h1:3W7vEpNy2F3l8aeHLtCVjG7oz1TY5ZMnXFin3RcyvZo=
golang.conradwood.net/apis/certmanager v1.1.3833/go.mod h1:o6WXWU6W4ksSTnS/V7G7TnWaYCXTMFxrGc8MJOMiYAw=
golang.conradwood.net/apis/common v1.1.3773 h1:8bGPTYLdM7p77CsL8MVIj+xPN5ASL45Et8HWCCC9uo0=
golang.conradwood.net/apis/common v1.1.3773/go.mod h1:CBg94uqwM1QyCldans+WL8fsxVLBIzUSh/W6h8UqH8A=
golang.conradwood.net/apis/common v1.1.3833 h1:72Ju457eSKY2BcK5X9RSJya5Wo6p3HlgQGnsnLhdvGA=
golang.conradwood.net/apis/common v1.1.3833/go.mod h1:FJSmh/O9OEWXyvDMtOytKORXdK+Hrl0ToRmrPUgmExQ=
golang.conradwood.net/apis/deploymonkey v1.1.3676 h1:pQHrv0fD4/9FgJu1of2eA1Rcm9tp48wnGVoXzfm+w4A=
golang.conradwood.net/apis/deploymonkey v1.1.3676/go.mod h1:9IIzRbEzEtDqqt2SoazP6L1kU1wAAxX0lQGh/Whnngw=
golang.conradwood.net/apis/deploymonkey v1.1.3833 h1:cOqeiMPImJ9G4SVPMx6RrbEl1/AmZfYpjgd21O/ibqM=
golang.conradwood.net/apis/deploymonkey v1.1.3833/go.mod h1:0N6rR07y8h6Ajs6HHLM936/b4H1bwFiqoGr3D9tcz+w=
golang.conradwood.net/apis/errorlogger v1.1.3676 h1:+iHIEEx3yuG0GNJTvwVjc72TAMtO6S0WPfZwCju1VsM=
golang.conradwood.net/apis/errorlogger v1.1.3676/go.mod h1:bYKxGY+MnPPT1VUE/oxe0166SqTL8YAxxCzMp/W0GFs=
golang.conradwood.net/apis/errorlogger v1.1.3833 h1:eu5Vu0xWugqzhi2YLClnm2TUo3DBlEwiQGxxHsmWUns=
golang.conradwood.net/apis/errorlogger v1.1.3833/go.mod h1:5KTcRixWPglDu/a9lCVnUtqxOj5DjL4k4x7S5stUidM=
golang.conradwood.net/apis/framework v1.1.3676 h1:lQ0TS6bHC0Xvme0dH1O1XSqjoZO12ZTWwHqKaseVXi0=
golang.conradwood.net/apis/framework v1.1.3676/go.mod h1:8Qy+hI9GoXhGMWYWnlm42jmK6hEYGqlYjQR4JShH7bs=
golang.conradwood.net/apis/framework v1.1.3833 h1:XbW/TxmqlV2oksCBgpJaxauZ+/7U9pftqvz/zLZWWkM=
golang.conradwood.net/apis/framework v1.1.3833/go.mod h1:676GfzHanQDV2TBpEnQ+LiYqe5XXAbq17JfSlkRvROE=
golang.conradwood.net/apis/getestservice v1.1.3676 h1:Nn3OneI3PoAyqrTA6lp9e65fkp3KcznidiFMBIGEPuc=
golang.conradwood.net/apis/getestservice v1.1.3676/go.mod h1:+0y4fDG00sJBLYle50huBdqbTifMCnHosTyBgIjS3xo=
golang.conradwood.net/apis/getestservice v1.1.3833 h1:MR5vuvjbyhOWU/4WZ8mSSHQOVuRZZcawy28tZDUto0U=
golang.conradwood.net/apis/getestservice v1.1.3833/go.mod h1:m5Pm4sMi/ge0enDxnwSvGTUEufz8WiFuk3MaWcucK0s=
golang.conradwood.net/apis/goeasyops v1.1.3773 h1:uICzORYlJ5xSTyChj6PGFskGZDpe3OXE9krKk0RJeRE=
golang.conradwood.net/apis/goeasyops v1.1.3773/go.mod h1:3dZkTtUw5ISiuDTVZY8nAnNojmnfQT4mgFlB6m4a6mE=
golang.conradwood.net/apis/goeasyops v1.1.3833 h1:kChehvxNTzwQcL6G4uFiNEeyiLb9TVf1FFXpqEy4x20=
golang.conradwood.net/apis/goeasyops v1.1.3833/go.mod h1:Eh1uDG3DUBJhXWgxKdITCcW6ExrJhCSsBvsiJzPJ6pU=
golang.conradwood.net/apis/grafanadata v1.1.3676 h1:f+hW383QlzQNgFr3Q91bqsVSSXY20cAupaSR04/iVdw=
golang.conradwood.net/apis/grafanadata v1.1.3676/go.mod h1:hOSvwngQFnUtVMm9u9jbpZUUQl9caBRl2uu64V34IRw=
golang.conradwood.net/apis/grafanadata v1.1.3833 h1:nPmO4zC0E75s1E/EfjhQ0dJTctZCZomcm1EPeaj5m10=
golang.conradwood.net/apis/grafanadata v1.1.3833/go.mod h1:H9Du4fr6eUbTKmuqAd1gLTd2c5cgOY4M4Jf8kBiQIXg=
golang.conradwood.net/apis/h2gproxy v1.1.3676 h1:Zfnu1S2RFkapZr/ON1tYXKWkPuNpw3YE98NjMoqS38M=
golang.conradwood.net/apis/h2gproxy v1.1.3676/go.mod h1:ESqvoXfVW7X7K4PyHnqx6n8jl8R9joaT+1oVJc3hW0Q=
golang.conradwood.net/apis/h2gproxy v1.1.3833 h1:TDEF66hnPCxnN3xqXYiJkzs3BkGuuwo92yH2mnEA8M8=
golang.conradwood.net/apis/h2gproxy v1.1.3833/go.mod h1:wDl2ogWJuhorkFPwNBEi5TBZNzL6nwM/CDbyDRunXZ4=
golang.conradwood.net/apis/htmlserver v1.1.3676 h1:wBy/5517I19dOnW+zpXVLs2VZMjKj7d7wLNH868lLZg=
golang.conradwood.net/apis/htmlserver v1.1.3676/go.mod h1:HMRvNKqImvnq0Pq72kAkFislm9YOVUamdiocqktQ5vA=
golang.conradwood.net/apis/htmlserver v1.1.3833 h1:hTqwUuQjssuBHCmiNplVdC3BRa/rCH735YZlkzkx1Bc=
golang.conradwood.net/apis/htmlserver v1.1.3833/go.mod h1:BWLZbk1RmBDlvscyYzxz6psYmo6K/nEEaVNUHAmUvRQ=
golang.conradwood.net/apis/objectstore v1.1.3676 h1:4fFXGBk1rCpIiVk4yYTpVBb1TPA3EgKyczzYzYaHRsw=
golang.conradwood.net/apis/objectstore v1.1.3676/go.mod h1:6dv9p3J+eT/NjFMWjMjT7W2evXwTXwI1DvjcubeGcao=
golang.conradwood.net/apis/objectstore v1.1.3833 h1:LXtMoPlY6N9vBInaaCEGBqYilRAgWvP2RYVqESQtPTo=
golang.conradwood.net/apis/objectstore v1.1.3833/go.mod h1:mCwtL+1jv4KRN8jdzn7BqQEDC7jzfjzbur/D6/7FWGc=
golang.conradwood.net/apis/quota v1.1.3676 h1:R7V4nYEINP430J4Yh/6ea/NLlvowvqngNwpPDcCJ+8w=
golang.conradwood.net/apis/quota v1.1.3676/go.mod h1:B+meMALjZzW+1Shd6V9n7Pb6e7WYOdGaGehih9Oc4G8=
golang.conradwood.net/apis/quota v1.1.3833 h1:O/RRuqGdFRyjywgOwMgxsb6lYp+EGrrfaPl5TeGac84=
golang.conradwood.net/apis/quota v1.1.3833/go.mod h1:pTE8mjlHjv2pppXLt0lDFtu4tdJKggDV+KWaw7mSZSg=
golang.conradwood.net/apis/registry v1.1.3676 h1:AsGtPAF4KcCCAYJqFJQtoOH6I1mRlpQmjlAaYyMuh8s=
golang.conradwood.net/apis/registry v1.1.3676/go.mod h1:mkkE6Kf75nE2ON1EkDyyC6SqFChTUSm6ggk7GPcG2CE=
golang.conradwood.net/apis/registry v1.1.3833 h1:ufcxchcovUp/edbluoUDDks05FjdSAiKp+xyoLe5WRE=
golang.conradwood.net/apis/registry v1.1.3833/go.mod h1:keJ8ZSOq1jh98o3ndUoLhApraOoSnqEgAVFPGFwQ1Hg=
golang.conradwood.net/go-easyops v0.1.34924 h1:Sq/L25GNiWpStut362ucip95mueZUz4bpJ63/s+Pz+4=
golang.conradwood.net/go-easyops v0.1.34924/go.mod h1:fx+PkAcbCXEh1+7UNxgJMwxeiyNTPo+p6qgXo0gKmXg=
golang.org/x/net v0.37.0 h1:1zLorHbz+LYj7MQlSf1+2tPIIgibq2eL5xkrGk6f+2c=
golang.org/x/net v0.37.0/go.mod h1:ivrbrMbzFq5J41QOQh0siUuly180yBYtLp+CKbEaFx8=
golang.org/x/net v0.38.0 h1:vRMAPTMaeGqVhG5QyLJHqNDwecKTomGeqbnfZyKlBI8=
golang.org/x/net v0.38.0/go.mod h1:ivrbrMbzFq5J41QOQh0siUuly180yBYtLp+CKbEaFx8=
golang.org/x/sync v0.12.0 h1:MHc5BpPuC30uJk597Ri8TV3CNZcTLu6B6z4lJy+g6Jw=
golang.org/x/sync v0.12.0/go.mod h1:1dzgHSNfp02xaA81J2MS99Qcpr2w7fw1gpm99rleRqA=
golang.org/x/sync v0.13.0 h1:AauUjRAJ9OSnvULf/ARrrVywoJDy0YS2AwQ98I37610=
golang.org/x/sys v0.31.0 h1:ioabZlmFYtWhL+TRYpcnNlLwhyxaM9kWTDEmfnprqik=
golang.org/x/sys v0.31.0/go.mod h1:BJP2sWEmIv4KK5OTEluFJCKSidICx8ciO85XgH3Ak8k=
golang.org/x/sys v0.32.0 h1:s77OFDvIQeibCmezSnk/q6iAfkdiQaJi4VzroCFrN20=
golang.org/x/sys v0.32.0/go.mod h1:BJP2sWEmIv4KK5OTEluFJCKSidICx8ciO85XgH3Ak8k=
golang.org/x/text v0.23.0 h1:D71I7dUrlY+VX0gQShAThNGHFxZ13dGLBHQLVl1mJlY=
golang.org/x/text v0.23.0/go.mod h1:/BLNzu4aZCJ1+kcD0DNRotWKage4q2rGVAg4o22unh4=
golang.org/x/text v0.24.0 h1:dd5Bzh4yt5KYA8f9CJHCP4FB4D51c2c6JvN37xJJkJ0=
golang.org/x/text v0.24.0/go.mod h1:L8rBsPeo2pSS+xqN0d5u2ikmjtmoJbDBT1b7nHvFCdU=
golang.yacloud.eu/apis/autodeployer2 v1.1.3676 h1:TbD7RBywaRdMgfSINCU7EH71hNYsEsO1iGuzVv2MRow=
golang.yacloud.eu/apis/autodeployer2 v1.1.3676/go.mod h1:dEvn3AmoSPRtJQpdfFYueKxtglIr3Y4iD8TzHy2MFrU=
golang.yacloud.eu/apis/autodeployer2 v1.1.3833 h1:HQzO68aS+6GCESgwbXdlYyr8kaLjwNmr9s/nJbcTj14=
golang.yacloud.eu/apis/autodeployer2 v1.1.3833/go.mod h1:d7RFKeIUWt1nsICM86kZ+RjQIrtroKmt+tg+TEI1Kes=
golang.yacloud.eu/apis/faultindicator v1.1.3676 h1:rhs5HgM4+WdIudLnSolnaiBeJx5MOlJ4j1M3LRPlGQA=
golang.yacloud.eu/apis/faultindicator v1.1.3676/go.mod h1:kbMt2RMn5kvW7/YzJ5MK8s660+XHiaGt5dwAUn+pzuw=
golang.yacloud.eu/apis/faultindicator v1.1.3833 h1:j0vVyb25K7mv348WBupB7C+8qbwFuLDEcQsEyrn40Y4=
golang.yacloud.eu/apis/faultindicator v1.1.3833/go.mod h1:C4Jg0Z2DBBFvOGY/md5aXokOnUfdhyQcbO2AOfiwOIw=
golang.yacloud.eu/apis/fscache v1.1.3676 h1:fAFfcoE0II4WmYtNztjg89asKRYlePU8PwsbV7PUnsg=
golang.yacloud.eu/apis/fscache v1.1.3676/go.mod h1:xXG/BzLXmJ1S1YmAsfvrzh+YrnHq0c2J+SA0lX9mSBI=
golang.yacloud.eu/apis/fscache v1.1.3833 h1:RNS/z2QpU7uA3enPDarZRCqpTQKafxF8hvCChVHMZlk=
golang.yacloud.eu/apis/fscache v1.1.3833/go.mod h1:NwSRII1fRn3dv8qQ3q2OiFD8gSrzmfBKJACggWYkfFs=
golang.yacloud.eu/apis/jsonapidoc v1.1.3676 h1:WawPh3ElgFTvT7sAcnFE8B+kfy4wOpnEl9RLsV0U4nQ=
golang.yacloud.eu/apis/jsonapidoc v1.1.3676/go.mod h1:sNt7HQaby6Qe4gvJ8ihp6k0eFL0jgnzNHzTDx6ELoGI=
golang.yacloud.eu/apis/jsonapidoc v1.1.3833 h1:EBlzptaIHbPMOi+uT6hRQt4ZJrNuCsaJ9y9YEXOXtPY=
golang.yacloud.eu/apis/jsonapidoc v1.1.3833/go.mod h1:BrO6q3sdRPMFQmgwn2xUaW1dJZ8BkLcP1x+Cd2uiOpk=
golang.yacloud.eu/apis/session v1.1.3773 h1:uWsZIdvbZySNY2pYbZD1c8Swl7rHmya7hpuDM+IdblA=
golang.yacloud.eu/apis/session v1.1.3773/go.mod h1:u4uFa1DjK+9wmS+bAgqKX1vHOhOd962grcKbi0aI69k=
golang.yacloud.eu/apis/session v1.1.3833 h1:D61YLqxSgocLSd4nXSFFxjV76l0OMWg6WN6WHa6HBVg=
golang.yacloud.eu/apis/session v1.1.3833/go.mod h1:UTtB0W520F0iMak1SyiKXpKhdbD0G5Vmep4fdac7U/s=
golang.yacloud.eu/apis/unixipc v1.1.3676 h1:aFkrVTxGXg93gz1qonNr04wBuhZRig3k9YczKAIEkms=
golang.yacloud.eu/apis/unixipc v1.1.3676/go.mod h1:mTEhpfUQyXyb5jXzDizcyRDCtTjkiaXnlhr8Dsj1uGM=
golang.yacloud.eu/apis/unixipc v1.1.3833 h1:cKunldoiwQMINAQ0xBm0ZHTl8OMu77GLtbX/aT+8Pu8=
golang.yacloud.eu/apis/unixipc v1.1.3833/go.mod h1:vBNHrl9353qvedYMyE+Wy9ZYy9chYqOICAoN8k6XDqA=
golang.yacloud.eu/apis/urlcacher v1.1.3676 h1:lxelVA80sWoR3eBcwJogLbJspjGck2YGjKDrKgFdDgk=
golang.yacloud.eu/apis/urlcacher v1.1.3676/go.mod h1:s34A1R9MiCybbSif006qrroW5g+GNiiIPkuk+Fl5yWA=
golang.yacloud.eu/apis/urlcacher v1.1.3833 h1:QqONf+rX3ndtdGylrAh4cBwjFIhgAvsey7FdpBc7n58=
golang.yacloud.eu/apis/urlcacher v1.1.3833/go.mod h1:UaaPepg9XCuFlYCHgHrM6hSU00E+tBQtQwCVEuTSbQU=
golang.yacloud.eu/apis/urlmapper v1.1.3676 h1:meRBOxIT+HqgGjRQKKsBGvXufl4pJ3pLn74ltcXyggM=
golang.yacloud.eu/apis/urlmapper v1.1.3676/go.mod h1:3AEg76wvGiS6e4di4N8JYpc6FRTdv8JMgkVNPeAp7UE=
golang.yacloud.eu/apis/urlmapper v1.1.3833 h1:TVPmc8/z8OPoFh/4k2INNptrOCJT5tIO2vQzz+L5yuI=
golang.yacloud.eu/apis/urlmapper v1.1.3833/go.mod h1:Y/eJZs48do+8PX04P9pjLa5nEelw8nhjiZSCEbDvpAU=
golang.yacloud.eu/unixipc v0.1.31725 h1:u+tUnlgwLVzQ1bFBVM+rqARHAgwH41PrRGIVwKVrMsg=
golang.yacloud.eu/unixipc v0.1.31725/go.mod h1:BboKEBCyQzeXbtXowwSLV9U+wI32wq49ZVs72+uO/ZI=
google.golang.org/genproto/googleapis/rpc v0.0.0-20250115164207-1a7da9e5054f h1:OxYkA3wjPsZyBylwymxSHa7ViiW1Sml4ToBrncvFehI=
google.golang.org/genproto/googleapis/rpc v0.0.0-20250115164207-1a7da9e5054f/go.mod h1:+2Yz8+CLJbIfL9z73EW45avw8Lmge3xVElCP9zEKi50=
google.golang.org/grpc v1.71.0 h1:kF77BGdPTQ4/JZWMlb9VpJ5pa25aqvVqogsxNHHdeBg=
google.golang.org/grpc v1.71.0/go.mod h1:H0GRtasmQOh9LkFoCPDu3ZrwUtD1YGE+b2vYBYd/8Ec=
google.golang.org/grpc v1.71.1 h1:ffsFWr7ygTUscGPI0KKK6TLrGz0476KUvvsbqWK0rPI=
google.golang.org/grpc v1.71.1/go.mod h1:H0GRtasmQOh9LkFoCPDu3ZrwUtD1YGE+b2vYBYd/8Ec=
google.golang.org/protobuf v1.36.5 h1:tPhr+woSbjfYvY6/GPufUoYizxw1cF/yFoxJ2fmpwlM=
google.golang.org/protobuf v1.36.5/go.mod h1:9fA7Ob0pmnwhb644+1+CVWFRbNajQ6iRojtC/QF5bRE=
google.golang.org/protobuf v1.36.6 h1:z1NpPI8ku2WgiWnf+t9wTPsn6eP1L7ksHUlkfLvd9xY=
google.golang.org/protobuf v1.36.6/go.mod h1:jduwjTPXsFjZGTmRluh+L6NjiWu7pchiJ2/5YcXBHnY=
gopkg.in/check.v1 v0.0.0-20161208181325-20d25e280405/go.mod h1:Co6ibVJAznAaIkqp8huTwlJQCZ016jof/cbN4VW5Yz0=
gopkg.in/check.v1 v1.0.0-20201130134442-10cb98267c6c h1:Hei/4ADfdWqJk1ZMxUNpqntNwaWcugrBjAiHlqqRiVk=
gopkg.in/check.v1 v1.0.0-20201130134442-10cb98267c6c/go.mod h1:JHkPIbrfpd72SG/EVd6muEfDQjcINNoR0C8j2r3qZ4Q=
gopkg.in/yaml.v2 v2.4.0 h1:D8xgwECY7CYvx+Y2n4sBz93Jn9JRvxdiyyo8CTfuKaY=
gopkg.in/yaml.v2 v2.4.0/go.mod h1:RDklbk79AGWmwhnvt/jBztapEOGDOx6ZbXqjP6csGnQ=
gopkg.in/yaml.v3 v3.0.1 h1:fxVm/GzAzEWqLHuvctI91KS9hhNmmWOoWu0XTYJS7CA=
gopkg.in/yaml.v3 v3.0.1/go.mod h1:K4uyk7z7BCEPqu6E+C64Yfv1cQ7kz7rIZviUmN+EgEM=
